
Microsoft Visual Studio Solution File, Format Version 12.00
# Visual Studio 14
VisualStudioVersion = 14.0.25420.1
MinimumVisualStudioVersion = 10.0.40219.1
Project("{FAE04EC0-301F-11D3-BF4B-00C04F79EFBC}") = "SkillMatrix.DomainModel", "SkillMatrix.DomainModel\SkillMatrix.DomainModel.csproj", "{57EA673A-F4B0-445F-8721-8DE5F2F0C7DB}"
EndProject
Project("{FAE04EC0-301F-11D3-BF4B-00C04F79EFBC}") = "SkillMatrix.ViewModel", "SkillMatrix.ViewModel\SkillMatrix.ViewModel.csproj", "{8A3DA356-AF06-4D0F-912A-C5560DAF92EE}"
EndProject
Project("{FAE04EC0-301F-11D3-BF4B-00C04F79EFBC}") = "SkillMatrix.Common", "SkillMatrix.Common\SkillMatrix.Common.csproj", "{936BA64B-5BBA-4852-83BB-BB1194B222BF}"
EndProject
Project("{FAE04EC0-301F-11D3-BF4B-00C04F79EFBC}") = "SkillMatrix.Core", "SkillMatrix.Core\SkillMatrix.Core.csproj", "{C2CFB71B-06DC-476F-B7EC-45EAAF5254FA}"
EndProject
Project("{FAE04EC0-301F-11D3-BF4B-00C04F79EFBC}") = "SkillMatrix.Service", "SkillMatrix.Service\SkillMatrix.Service.csproj", "{53978962-1472-4257-9D1A-537F8D6742CE}"
EndProject
Project("{FAE04EC0-301F-11D3-BF4B-00C04F79EFBC}") = "SkillMatrix.Repository", "SkillMatrix.Repository\SkillMatrix.Repository.csproj", "{1D60B5A9-F44E-4FE7-970F-2597B59A2572}"
EndProject
Project("{FAE04EC0-301F-11D3-BF4B-00C04F79EFBC}") = "SkillMatrix.Infrastructure", "SkillMatrix.Infrastructure\SkillMatrix.Infrastructure.csproj", "{861079C8-7F07-4426-9D5D-6C2816A3C064}"
EndProject
Project("{FAE04EC0-301F-11D3-BF4B-00C04F79EFBC}") = "SkillMatrix.Data", "SkillMatrix.Data\SkillMatrix.Data.csproj", "{7B6A14BF-D204-4E82-8C7B-A8CC7A0E694D}"
EndProject
Project("{FAE04EC0-301F-11D3-BF4B-00C04F79EFBC}") = "SkillMatrix.Web", "SkillMatrix.Web\SkillMatrix.Web.csproj", "{2CD9C15C-C072-48E9-9ADA-819BF96A8D98}"
EndProject
Project("{2150E333-8FDC-42A3-9474-1A3956D46DE8}") = "Solution Items", "Solution Items", "{9A10DE7E-E496-4D8D-B683-58B37C146369}"
	ProjectSection(SolutionItems) = preProject
		WebEssentials2015-Settings.json = WebEssentials2015-Settings.json
	EndProjectSection
EndProject
Project("{2150E333-8FDC-42A3-9474-1A3956D46DE8}") = "Manuals", "Manuals", "{AD93B66F-0BD2-41EA-AE14-276BD23F75CA}"
	ProjectSection(SolutionItems) = preProject
		migration.txt = migration.txt
	EndProjectSection
EndProject
Global
	GlobalSection(SolutionConfigurationPlatforms) = preSolution
		Debug|Any CPU = Debug|Any CPU
		Release|Any CPU = Release|Any CPU
	EndGlobalSection
	GlobalSection(ProjectConfigurationPlatforms) = postSolution
		{57EA673A-F4B0-445F-8721-8DE5F2F0C7DB}.Debug|Any CPU.ActiveCfg = Debug|Any CPU
		{57EA673A-F4B0-445F-8721-8DE5F2F0C7DB}.Debug|Any CPU.Build.0 = Debug|Any CPU
		{57EA673A-F4B0-445F-8721-8DE5F2F0C7DB}.Release|Any CPU.ActiveCfg = Release|Any CPU
		{57EA673A-F4B0-445F-8721-8DE5F2F0C7DB}.Release|Any CPU.Build.0 = Release|Any CPU
		{8A3DA356-AF06-4D0F-912A-C5560DAF92EE}.Debug|Any CPU.ActiveCfg = Debug|Any CPU
		{8A3DA356-AF06-4D0F-912A-C5560DAF92EE}.Debug|Any CPU.Build.0 = Debug|Any CPU
		{8A3DA356-AF06-4D0F-912A-C5560DAF92EE}.Release|Any CPU.ActiveCfg = Release|Any CPU
		{8A3DA356-AF06-4D0F-912A-C5560DAF92EE}.Release|Any CPU.Build.0 = Release|Any CPU
		{936BA64B-5BBA-4852-83BB-BB1194B222BF}.Debug|Any CPU.ActiveCfg = Debug|Any CPU
		{936BA64B-5BBA-4852-83BB-BB1194B222BF}.Debug|Any CPU.Build.0 = Debug|Any CPU
		{936BA64B-5BBA-4852-83BB-BB1194B222BF}.Release|Any CPU.ActiveCfg = Release|Any CPU
		{936BA64B-5BBA-4852-83BB-BB1194B222BF}.Release|Any CPU.Build.0 = Release|Any CPU
		{C2CFB71B-06DC-476F-B7EC-45EAAF5254FA}.Debug|Any CPU.ActiveCfg = Debug|Any CPU
		{C2CFB71B-06DC-476F-B7EC-45EAAF5254FA}.Debug|Any CPU.Build.0 = Debug|Any CPU
		{C2CFB71B-06DC-476F-B7EC-45EAAF5254FA}.Release|Any CPU.ActiveCfg = Release|Any CPU
		{C2CFB71B-06DC-476F-B7EC-45EAAF5254FA}.Release|Any CPU.Build.0 = Release|Any CPU
		{53978962-1472-4257-9D1A-537F8D6742CE}.Debug|Any CPU.ActiveCfg = Debug|Any CPU
		{53978962-1472-4257-9D1A-537F8D6742CE}.Debug|Any CPU.Build.0 = Debug|Any CPU
		{53978962-1472-4257-9D1A-537F8D6742CE}.Release|Any CPU.ActiveCfg = Release|Any CPU
		{53978962-1472-4257-9D1A-537F8D6742CE}.Release|Any CPU.Build.0 = Release|Any CPU
		{1D60B5A9-F44E-4FE7-970F-2597B59A2572}.Debug|Any CPU.ActiveCfg = Debug|Any CPU
		{1D60B5A9-F44E-4FE7-970F-2597B59A2572}.Debug|Any CPU.Build.0 = Debug|Any CPU
		{1D60B5A9-F44E-4FE7-970F-2597B59A2572}.Release|Any CPU.ActiveCfg = Release|Any CPU
		{1D60B5A9-F44E-4FE7-970F-2597B59A2572}.Release|Any CPU.Build.0 = Release|Any CPU
		{861079C8-7F07-4426-9D5D-6C2816A3C064}.Debug|Any CPU.ActiveCfg = Debug|Any CPU
		{861079C8-7F07-4426-9D5D-6C2816A3C064}.Debug|Any CPU.Build.0 = Debug|Any CPU
		{861079C8-7F07-4426-9D5D-6C2816A3C064}.Release|Any CPU.ActiveCfg = Release|Any CPU
		{861079C8-7F07-4426-9D5D-6C2816A3C064}.Release|Any CPU.Build.0 = Release|Any CPU
		{7B6A14BF-D204-4E82-8C7B-A8CC7A0E694D}.Debug|Any CPU.ActiveCfg = Debug|Any CPU
		{7B6A14BF-D204-4E82-8C7B-A8CC7A0E694D}.Debug|Any CPU.Build.0 = Debug|Any CPU
		{7B6A14BF-D204-4E82-8C7B-A8CC7A0E694D}.Release|Any CPU.ActiveCfg = Release|Any CPU
		{7B6A14BF-D204-4E82-8C7B-A8CC7A0E694D}.Release|Any CPU.Build.0 = Release|Any CPU
		{2CD9C15C-C072-48E9-9ADA-819BF96A8D98}.Debug|Any CPU.ActiveCfg = Debug|Any CPU
		{2CD9C15C-C072-48E9-9ADA-819BF96A8D98}.Debug|Any CPU.Build.0 = Debug|Any CPU
		{2CD9C15C-C072-48E9-9ADA-819BF96A8D98}.Release|Any CPU.ActiveCfg = Release|Any CPU
		{2CD9C15C-C072-48E9-9ADA-819BF96A8D98}.Release|Any CPU.Build.0 = Release|Any CPU
	EndGlobalSection
	GlobalSection(SolutionProperties) = preSolution
		HideSolutionNode = FALSE
	EndGlobalSection
EndGlobal
